
Microsoft Visual Studio Solution File, Format Version 12.00
# Visual Studio 15
VisualStudioVersion = 15.0.26124.0
MinimumVisualStudioVersion = 15.0.26124.0
Project("{FAE04EC0-301F-11D3-BF4B-00C04F79EFBC}") = "API", "API\API.csproj", "{EE69C9F1-6E43-483D-8890-7CF585EAB9FB}"
EndProject
Project("{FAE04EC0-301F-11D3-BF4B-00C04F79EFBC}") = "Domain", "Domain\Domain.csproj", "{B05AB23A-040C-4B80-BF07-8B3176150F52}"
EndProject
Project("{FAE04EC0-301F-11D3-BF4B-00C04F79EFBC}") = "Application", "Application\Application.csproj", "{5822D671-6E4F-4C2C-B04F-00B3C5B8848A}"
EndProject
Project("{FAE04EC0-301F-11D3-BF4B-00C04F79EFBC}") = "Shared", "Shared\Shared.csproj", "{4B38B4AD-D1B3-4FE5-A4E1-67D535E5FF64}"
EndProject
Project("{FAE04EC0-301F-11D3-BF4B-00C04F79EFBC}") = "Test", "Test\Test.csproj", "{C316C99E-0E45-4BF4-BBA3-F817FDC36612}"
EndProject
Global
	GlobalSection(SolutionConfigurationPlatforms) = preSolution
		Debug|Any CPU = Debug|Any CPU
		Debug|x64 = Debug|x64
		Debug|x86 = Debug|x86
		Release|Any CPU = Release|Any CPU
		Release|x64 = Release|x64
		Release|x86 = Release|x86
	EndGlobalSection
	GlobalSection(SolutionProperties) = preSolution
		HideSolutionNode = FALSE
	EndGlobalSection
	GlobalSection(ProjectConfigurationPlatforms) = postSolution
		{EE69C9F1-6E43-483D-8890-7CF585EAB9FB}.Debug|Any CPU.ActiveCfg = Debug|Any CPU
		{EE69C9F1-6E43-483D-8890-7CF585EAB9FB}.Debug|Any CPU.Build.0 = Debug|Any CPU
		{EE69C9F1-6E43-483D-8890-7CF585EAB9FB}.Debug|x64.ActiveCfg = Debug|Any CPU
		{EE69C9F1-6E43-483D-8890-7CF585EAB9FB}.Debug|x64.Build.0 = Debug|Any CPU
		{EE69C9F1-6E43-483D-8890-7CF585EAB9FB}.Debug|x86.ActiveCfg = Debug|Any CPU
		{EE69C9F1-6E43-483D-8890-7CF585EAB9FB}.Debug|x86.Build.0 = Debug|Any CPU
		{EE69C9F1-6E43-483D-8890-7CF585EAB9FB}.Release|Any CPU.ActiveCfg = Release|Any CPU
		{EE69C9F1-6E43-483D-8890-7CF585EAB9FB}.Release|Any CPU.Build.0 = Release|Any CPU
		{EE69C9F1-6E43-483D-8890-7CF585EAB9FB}.Release|x64.ActiveCfg = Release|Any CPU
		{EE69C9F1-6E43-483D-8890-7CF585EAB9FB}.Release|x64.Build.0 = Release|Any CPU
		{EE69C9F1-6E43-483D-8890-7CF585EAB9FB}.Release|x86.ActiveCfg = Release|Any CPU
		{EE69C9F1-6E43-483D-8890-7CF585EAB9FB}.Release|x86.Build.0 = Release|Any CPU
		{B05AB23A-040C-4B80-BF07-8B3176150F52}.Debug|Any CPU.ActiveCfg = Debug|Any CPU
		{B05AB23A-040C-4B80-BF07-8B3176150F52}.Debug|Any CPU.Build.0 = Debug|Any CPU
		{B05AB23A-040C-4B80-BF07-8B3176150F52}.Debug|x64.ActiveCfg = Debug|Any CPU
		{B05AB23A-040C-4B80-BF07-8B3176150F52}.Debug|x64.Build.0 = Debug|Any CPU
		{B05AB23A-040C-4B80-BF07-8B3176150F52}.Debug|x86.ActiveCfg = Debug|Any CPU
		{B05AB23A-040C-4B80-BF07-8B3176150F52}.Debug|x86.Build.0 = Debug|Any CPU
		{B05AB23A-040C-4B80-BF07-8B3176150F52}.Release|Any CPU.ActiveCfg = Release|Any CPU
		{B05AB23A-040C-4B80-BF07-8B3176150F52}.Release|Any CPU.Build.0 = Release|Any CPU
		{B05AB23A-040C-4B80-BF07-8B3176150F52}.Release|x64.ActiveCfg = Release|Any CPU
		{B05AB23A-040C-4B80-BF07-8B3176150F52}.Release|x64.Build.0 = Release|Any CPU
		{B05AB23A-040C-4B80-BF07-8B3176150F52}.Release|x86.ActiveCfg = Release|Any CPU
		{B05AB23A-040C-4B80-BF07-8B3176150F52}.Release|x86.Build.0 = Release|Any CPU
		{5822D671-6E4F-4C2C-B04F-00B3C5B8848A}.Debug|Any CPU.ActiveCfg = Debug|Any CPU
		{5822D671-6E4F-4C2C-B04F-00B3C5B8848A}.Debug|Any CPU.Build.0 = Debug|Any CPU
		{5822D671-6E4F-4C2C-B04F-00B3C5B8848A}.Debug|x64.ActiveCfg = Debug|Any CPU
		{5822D671-6E4F-4C2C-B04F-00B3C5B8848A}.Debug|x64.Build.0 = Debug|Any CPU
		{5822D671-6E4F-4C2C-B04F-00B3C5B8848A}.Debug|x86.ActiveCfg = Debug|Any CPU
		{5822D671-6E4F-4C2C-B04F-00B3C5B8848A}.Debug|x86.Build.0 = Debug|Any CPU
		{5822D671-6E4F-4C2C-B04F-00B3C5B8848A}.Release|Any CPU.ActiveCfg = Release|Any CPU
		{5822D671-6E4F-4C2C-B04F-00B3C5B8848A}.Release|Any CPU.Build.0 = Release|Any CPU
		{5822D671-6E4F-4C2C-B04F-00B3C5B8848A}.Release|x64.ActiveCfg = Release|Any CPU
		{5822D671-6E4F-4C2C-B04F-00B3C5B8848A}.Release|x64.Build.0 = Release|Any CPU
		{5822D671-6E4F-4C2C-B04F-00B3C5B8848A}.Release|x86.ActiveCfg = Release|Any CPU
		{5822D671-6E4F-4C2C-B04F-00B3C5B8848A}.Release|x86.Build.0 = Release|Any CPU
		{D4857FA6-C5F7-4526-A054-E539D83F8B9F}.Debug|Any CPU.ActiveCfg = Debug|Any CPU
		{D4857FA6-C5F7-4526-A054-E539D83F8B9F}.Debug|Any CPU.Build.0 = Debug|Any CPU
		{D4857FA6-C5F7-4526-A054-E539D83F8B9F}.Debug|x64.ActiveCfg = Debug|Any CPU
		{D4857FA6-C5F7-4526-A054-E539D83F8B9F}.Debug|x64.Build.0 = Debug|Any CPU
		{D4857FA6-C5F7-4526-A054-E539D83F8B9F}.Debug|x86.ActiveCfg = Debug|Any CPU
		{D4857FA6-C5F7-4526-A054-E539D83F8B9F}.Debug|x86.Build.0 = Debug|Any CPU
		{D4857FA6-C5F7-4526-A054-E539D83F8B9F}.Release|Any CPU.ActiveCfg = Release|Any CPU
		{D4857FA6-C5F7-4526-A054-E539D83F8B9F}.Release|Any CPU.Build.0 = Release|Any CPU
		{D4857FA6-C5F7-4526-A054-E539D83F8B9F}.Release|x64.ActiveCfg = Release|Any CPU
		{D4857FA6-C5F7-4526-A054-E539D83F8B9F}.Release|x64.Build.0 = Release|Any CPU
		{D4857FA6-C5F7-4526-A054-E539D83F8B9F}.Release|x86.ActiveCfg = Release|Any CPU
		{D4857FA6-C5F7-4526-A054-E539D83F8B9F}.Release|x86.Build.0 = Release|Any CPU
		{4B38B4AD-D1B3-4FE5-A4E1-67D535E5FF64}.Debug|Any CPU.ActiveCfg = Debug|Any CPU
		{4B38B4AD-D1B3-4FE5-A4E1-67D535E5FF64}.Debug|Any CPU.Build.0 = Debug|Any CPU
		{4B38B4AD-D1B3-4FE5-A4E1-67D535E5FF64}.Debug|x64.ActiveCfg = Debug|Any CPU
		{4B38B4AD-D1B3-4FE5-A4E1-67D535E5FF64}.Debug|x64.Build.0 = Debug|Any CPU
		{4B38B4AD-D1B3-4FE5-A4E1-67D535E5FF64}.Debug|x86.ActiveCfg = Debug|Any CPU
		{4B38B4AD-D1B3-4FE5-A4E1-67D535E5FF64}.Debug|x86.Build.0 = Debug|Any CPU
		{4B38B4AD-D1B3-4FE5-A4E1-67D535E5FF64}.Release|Any CPU.ActiveCfg = Release|Any CPU
		{4B38B4AD-D1B3-4FE5-A4E1-67D535E5FF64}.Release|Any CPU.Build.0 = Release|Any CPU
		{4B38B4AD-D1B3-4FE5-A4E1-67D535E5FF64}.Release|x64.ActiveCfg = Release|Any CPU
		{4B38B4AD-D1B3-4FE5-A4E1-67D535E5FF64}.Release|x64.Build.0 = Release|Any CPU
		{4B38B4AD-D1B3-4FE5-A4E1-67D535E5FF64}.Release|x86.ActiveCfg = Release|Any CPU
		{4B38B4AD-D1B3-4FE5-A4E1-67D535E5FF64}.Release|x86.Build.0 = Release|Any CPU
		{C316C99E-0E45-4BF4-BBA3-F817FDC36612}.Debug|Any CPU.ActiveCfg = Debug|Any CPU
		{C316C99E-0E45-4BF4-BBA3-F817FDC36612}.Debug|Any CPU.Build.0 = Debug|Any CPU
		{C316C99E-0E45-4BF4-BBA3-F817FDC36612}.Debug|x64.ActiveCfg = Debug|Any CPU
		{C316C99E-0E45-4BF4-BBA3-F817FDC36612}.Debug|x64.Build.0 = Debug|Any CPU
		{C316C99E-0E45-4BF4-BBA3-F817FDC36612}.Debug|x86.ActiveCfg = Debug|Any CPU
		{C316C99E-0E45-4BF4-BBA3-F817FDC36612}.Debug|x86.Build.0 = Debug|Any CPU
		{C316C99E-0E45-4BF4-BBA3-F817FDC36612}.Release|Any CPU.ActiveCfg = Release|Any CPU
		{C316C99E-0E45-4BF4-BBA3-F817FDC36612}.Release|Any CPU.Build.0 = Release|Any CPU
		{C316C99E-0E45-4BF4-BBA3-F817FDC36612}.Release|x64.ActiveCfg = Release|Any CPU
		{C316C99E-0E45-4BF4-BBA3-F817FDC36612}.Release|x64.Build.0 = Release|Any CPU
		{C316C99E-0E45-4BF4-BBA3-F817FDC36612}.Release|x86.ActiveCfg = Release|Any CPU
		{C316C99E-0E45-4BF4-BBA3-F817FDC36612}.Release|x86.Build.0 = Release|Any CPU
	EndGlobalSection
EndGlobal
